
Microsoft Visual Studio Solution File, Format Version 12.00
# Visual Studio 15
VisualStudioVersion = 15.0.26730.16
MinimumVisualStudioVersion = 10.0.40219.1
Project("{9A19103F-16F7-4668-BE54-9A1E7A4F7556}") = "krakenTradeMiner", "krakenTradeMiner\krakenTradeMiner.csproj", "{9DE11CA9-B60B-4EBC-B49A-CDE7C59BDF9C}"
EndProject
Project("{9A19103F-16F7-4668-BE54-9A1E7A4F7556}") = "krakenTradeMiner.Tests", "krakenTradeMiner.Tests\krakenTradeMiner.Tests.csproj", "{3BA85158-0DEF-462E-8491-46AA69529AFB}"
EndProject
Global
	GlobalSection(SolutionConfigurationPlatforms) = preSolution
		Debug|Any CPU = Debug|Any CPU
		Release|Any CPU = Release|Any CPU
	EndGlobalSection
	GlobalSection(ProjectConfigurationPlatforms) = postSolution
		{9DE11CA9-B60B-4EBC-B49A-CDE7C59BDF9C}.Debug|Any CPU.ActiveCfg = Debug|Any CPU
		{9DE11CA9-B60B-4EBC-B49A-CDE7C59BDF9C}.Debug|Any CPU.Build.0 = Debug|Any CPU
		{9DE11CA9-B60B-4EBC-B49A-CDE7C59BDF9C}.Release|Any CPU.ActiveCfg = Release|Any CPU
		{9DE11CA9-B60B-4EBC-B49A-CDE7C59BDF9C}.Release|Any CPU.Build.0 = Release|Any CPU
		{3BA85158-0DEF-462E-8491-46AA69529AFB}.Debug|Any CPU.ActiveCfg = Debug|Any CPU
		{3BA85158-0DEF-462E-8491-46AA69529AFB}.Debug|Any CPU.Build.0 = Debug|Any CPU
		{3BA85158-0DEF-462E-8491-46AA69529AFB}.Release|Any CPU.ActiveCfg = Release|Any CPU
		{3BA85158-0DEF-462E-8491-46AA69529AFB}.Release|Any CPU.Build.0 = Release|Any CPU
	EndGlobalSection
	GlobalSection(SolutionProperties) = preSolution
		HideSolutionNode = FALSE
	EndGlobalSection
	GlobalSection(ExtensibilityGlobals) = postSolution
		SolutionGuid = {3CBE6DFA-4349-487D-A516-9C6628BFAEF2}
	EndGlobalSection
EndGlobal
